
Microsoft Visual Studio Solution File, Format Version 12.00
# Visual Studio Version 17
VisualStudioVersion = 17.2.32526.322
MinimumVisualStudioVersion = 10.0.40219.1
Project("{FAE04EC0-301F-11D3-BF4B-00C04F79EFBC}") = "Evoke-Web", "Evoke-Web\Evoke-Web.csproj", "{003A260D-FC67-4FE9-BDB7-412F6837B632}"
EndProject
Global
	GlobalSection(SolutionConfigurationPlatforms) = preSolution
		Debug|Any CPU = Debug|Any CPU
		Release|Any CPU = Release|Any CPU
	EndGlobalSection
	GlobalSection(ProjectConfigurationPlatforms) = postSolution
		{003A260D-FC67-4FE9-BDB7-412F6837B632}.Debug|Any CPU.ActiveCfg = Debug|Any CPU
		{003A260D-FC67-4FE9-BDB7-412F6837B632}.Debug|Any CPU.Build.0 = Debug|Any CPU
		{003A260D-FC67-4FE9-BDB7-412F6837B632}.Release|Any CPU.ActiveCfg = Release|Any CPU
		{003A260D-FC67-4FE9-BDB7-412F6837B632}.Release|Any CPU.Build.0 = Release|Any CPU
	EndGlobalSection
	GlobalSection(SolutionProperties) = preSolution
		HideSolutionNode = FALSE
	EndGlobalSection
	GlobalSection(ExtensibilityGlobals) = postSolution
		SolutionGuid = {AECFE557-22E7-4D18-BF59-38E0912DFE94}
	EndGlobalSection
EndGlobal
